
Microsoft Visual Studio Solution File, Format Version 12.00
# Visual Studio Version 17
VisualStudioVersion = 17.6.33712.159
MinimumVisualStudioVersion = 10.0.40219.1
Project("{FAE04EC0-301F-11D3-BF4B-00C04F79EFBC}") = "20190305051", "20190305051\20190305051.csproj", "{0BEA4640-3492-4407-A3DF-95A9F1783871}"
EndProject
Global
	GlobalSection(SolutionConfigurationPlatforms) = preSolution
		Debug|Any CPU = Debug|Any CPU
		Release|Any CPU = Release|Any CPU
	EndGlobalSection
	GlobalSection(ProjectConfigurationPlatforms) = postSolution
		{0BEA4640-3492-4407-A3DF-95A9F1783871}.Debug|Any CPU.ActiveCfg = Debug|Any CPU
		{0BEA4640-3492-4407-A3DF-95A9F1783871}.Debug|Any CPU.Build.0 = Debug|Any CPU
		{0BEA4640-3492-4407-A3DF-95A9F1783871}.Release|Any CPU.ActiveCfg = Release|Any CPU
		{0BEA4640-3492-4407-A3DF-95A9F1783871}.Release|Any CPU.Build.0 = Release|Any CPU
	EndGlobalSection
	GlobalSection(SolutionProperties) = preSolution
		HideSolutionNode = FALSE
	EndGlobalSection
	GlobalSection(ExtensibilityGlobals) = postSolution
		SolutionGuid = {ABB9BA82-5EEA-4C29-AD14-355E0C2E6484}
	EndGlobalSection
EndGlobal
